
Microsoft Visual Studio Solution File, Format Version 12.00
# Visual Studio Version 17
VisualStudioVersion = 17.14.36109.1 d17.14
MinimumVisualStudioVersion = 10.0.40219.1
Project("{FAE04EC0-301F-11D3-BF4B-00C04F79EFBC}") = "ComoCriarMetodos", "ComoCriarMetodos\ComoCriarMetodos.csproj", "{6FE262B1-B188-4663-BDBA-EB2AC34FE417}"
EndProject
Global
	GlobalSection(SolutionConfigurationPlatforms) = preSolution
		Debug|Any CPU = Debug|Any CPU
		Release|Any CPU = Release|Any CPU
	EndGlobalSection
	GlobalSection(ProjectConfigurationPlatforms) = postSolution
		{6FE262B1-B188-4663-BDBA-EB2AC34FE417}.Debug|Any CPU.ActiveCfg = Debug|Any CPU
		{6FE262B1-B188-4663-BDBA-EB2AC34FE417}.Debug|Any CPU.Build.0 = Debug|Any CPU
		{6FE262B1-B188-4663-BDBA-EB2AC34FE417}.Release|Any CPU.ActiveCfg = Release|Any CPU
		{6FE262B1-B188-4663-BDBA-EB2AC34FE417}.Release|Any CPU.Build.0 = Release|Any CPU
	EndGlobalSection
	GlobalSection(SolutionProperties) = preSolution
		HideSolutionNode = FALSE
	EndGlobalSection
	GlobalSection(ExtensibilityGlobals) = postSolution
		SolutionGuid = {5888EA1F-5BA2-48DB-9543-35D4E3BC803B}
	EndGlobalSection
EndGlobal
