
Microsoft Visual Studio Solution File, Format Version 12.00
# Visual Studio Version 17
VisualStudioVersion = 17.14.36109.1 d17.14
MinimumVisualStudioVersion = 10.0.40219.1
Project("{FAE04EC0-301F-11D3-BF4B-00C04F79EFBC}") = "Variavel", "Variavel\Variavel.csproj", "{7885BE0B-E3B3-4E7D-9CA8-110E00FE85DC}"
EndProject
Global
	GlobalSection(SolutionConfigurationPlatforms) = preSolution
		Debug|Any CPU = Debug|Any CPU
		Release|Any CPU = Release|Any CPU
	EndGlobalSection
	GlobalSection(ProjectConfigurationPlatforms) = postSolution
		{7885BE0B-E3B3-4E7D-9CA8-110E00FE85DC}.Debug|Any CPU.ActiveCfg = Debug|Any CPU
		{7885BE0B-E3B3-4E7D-9CA8-110E00FE85DC}.Debug|Any CPU.Build.0 = Debug|Any CPU
		{7885BE0B-E3B3-4E7D-9CA8-110E00FE85DC}.Release|Any CPU.ActiveCfg = Release|Any CPU
		{7885BE0B-E3B3-4E7D-9CA8-110E00FE85DC}.Release|Any CPU.Build.0 = Release|Any CPU
	EndGlobalSection
	GlobalSection(SolutionProperties) = preSolution
		HideSolutionNode = FALSE
	EndGlobalSection
	GlobalSection(ExtensibilityGlobals) = postSolution
		SolutionGuid = {96B73672-4F1F-4CCD-8159-EBF0F2D95487}
	EndGlobalSection
EndGlobal
